
Microsoft Visual Studio Solution File, Format Version 12.00
# Visual Studio Version 17
VisualStudioVersion = 17.9.34622.214
MinimumVisualStudioVersion = 10.0.40219.1
Project("{8BC9CEB8-8B4A-11D0-8D11-00A0C91BC942}") = "e8-2", "e8-2\e8-2.vcxproj", "{E397E7BD-2A97-4BCC-A358-2270D27BA7D1}"
EndProject
Global
	GlobalSection(SolutionConfigurationPlatforms) = preSolution
		Debug|x64 = Debug|x64
		Debug|x86 = Debug|x86
		Release|x64 = Release|x64
		Release|x86 = Release|x86
	EndGlobalSection
	GlobalSection(ProjectConfigurationPlatforms) = postSolution
		{E397E7BD-2A97-4BCC-A358-2270D27BA7D1}.Debug|x64.ActiveCfg = Debug|x64
		{E397E7BD-2A97-4BCC-A358-2270D27BA7D1}.Debug|x64.Build.0 = Debug|x64
		{E397E7BD-2A97-4BCC-A358-2270D27BA7D1}.Debug|x86.ActiveCfg = Debug|Win32
		{E397E7BD-2A97-4BCC-A358-2270D27BA7D1}.Debug|x86.Build.0 = Debug|Win32
		{E397E7BD-2A97-4BCC-A358-2270D27BA7D1}.Release|x64.ActiveCfg = Release|x64
		{E397E7BD-2A97-4BCC-A358-2270D27BA7D1}.Release|x64.Build.0 = Release|x64
		{E397E7BD-2A97-4BCC-A358-2270D27BA7D1}.Release|x86.ActiveCfg = Release|Win32
		{E397E7BD-2A97-4BCC-A358-2270D27BA7D1}.Release|x86.Build.0 = Release|Win32
	EndGlobalSection
	GlobalSection(SolutionProperties) = preSolution
		HideSolutionNode = FALSE
	EndGlobalSection
	GlobalSection(ExtensibilityGlobals) = postSolution
		SolutionGuid = {14C78C41-8839-49F7-8EE7-F68B11F658A7}
	EndGlobalSection
EndGlobal
